
Microsoft Visual Studio Solution File, Format Version 12.00
# Visual Studio Version 16
VisualStudioVersion = 16.0.30907.101
MinimumVisualStudioVersion = 10.0.40219.1
Project("{FAE04EC0-301F-11D3-BF4B-00C04F79EFBC}") = "AbstactFabric", "AbstactFabric\AbstactFabric.csproj", "{48776EC6-1AC5-496C-9F3E-47A394CC6387}"
EndProject
Project("{9A19103F-16F7-4668-BE54-9A1E7A4F7556}") = "AbstartcMethod", "..\AbstartcMethod\AbstartcMethod\AbstartcMethod.csproj", "{C6872998-DD9D-400C-9FB0-E5C5C0A6D1C3}"
EndProject
Global
	GlobalSection(SolutionConfigurationPlatforms) = preSolution
		Debug|Any CPU = Debug|Any CPU
		Release|Any CPU = Release|Any CPU
	EndGlobalSection
	GlobalSection(ProjectConfigurationPlatforms) = postSolution
		{48776EC6-1AC5-496C-9F3E-47A394CC6387}.Debug|Any CPU.ActiveCfg = Debug|Any CPU
		{48776EC6-1AC5-496C-9F3E-47A394CC6387}.Debug|Any CPU.Build.0 = Debug|Any CPU
		{48776EC6-1AC5-496C-9F3E-47A394CC6387}.Release|Any CPU.ActiveCfg = Release|Any CPU
		{48776EC6-1AC5-496C-9F3E-47A394CC6387}.Release|Any CPU.Build.0 = Release|Any CPU
		{C6872998-DD9D-400C-9FB0-E5C5C0A6D1C3}.Debug|Any CPU.ActiveCfg = Debug|Any CPU
		{C6872998-DD9D-400C-9FB0-E5C5C0A6D1C3}.Debug|Any CPU.Build.0 = Debug|Any CPU
		{C6872998-DD9D-400C-9FB0-E5C5C0A6D1C3}.Release|Any CPU.ActiveCfg = Release|Any CPU
		{C6872998-DD9D-400C-9FB0-E5C5C0A6D1C3}.Release|Any CPU.Build.0 = Release|Any CPU
	EndGlobalSection
	GlobalSection(SolutionProperties) = preSolution
		HideSolutionNode = FALSE
	EndGlobalSection
	GlobalSection(ExtensibilityGlobals) = postSolution
		SolutionGuid = {E56DF032-7E2B-473D-A95A-BB150E338DEB}
	EndGlobalSection
EndGlobal
